
Microsoft Visual Studio Solution File, Format Version 12.00
# Visual Studio Version 17
VisualStudioVersion = 17.10.34916.146
MinimumVisualStudioVersion = 10.0.40219.1
Project("{FAE04EC0-301F-11D3-BF4B-00C04F79EFBC}") = "DynamicProgramming", "DynamicProgramming\DynamicProgramming.csproj", "{7EFBB0FC-3648-4B86-8204-E96CFCC6983F}"
EndProject
Global
	GlobalSection(SolutionConfigurationPlatforms) = preSolution
		Debug|Any CPU = Debug|Any CPU
		Release|Any CPU = Release|Any CPU
	EndGlobalSection
	GlobalSection(ProjectConfigurationPlatforms) = postSolution
		{7EFBB0FC-3648-4B86-8204-E96CFCC6983F}.Debug|Any CPU.ActiveCfg = Debug|Any CPU
		{7EFBB0FC-3648-4B86-8204-E96CFCC6983F}.Debug|Any CPU.Build.0 = Debug|Any CPU
		{7EFBB0FC-3648-4B86-8204-E96CFCC6983F}.Release|Any CPU.ActiveCfg = Release|Any CPU
		{7EFBB0FC-3648-4B86-8204-E96CFCC6983F}.Release|Any CPU.Build.0 = Release|Any CPU
	EndGlobalSection
	GlobalSection(SolutionProperties) = preSolution
		HideSolutionNode = FALSE
	EndGlobalSection
	GlobalSection(ExtensibilityGlobals) = postSolution
		SolutionGuid = {04974264-2987-4467-9FD8-9051E413BDD6}
	EndGlobalSection
EndGlobal
